
Microsoft Visual Studio Solution File, Format Version 12.00
# Visual Studio Version 17
VisualStudioVersion = 17.0.31903.59
MinimumVisualStudioVersion = 10.0.40219.1
Project("{FAE04EC0-301F-11D3-BF4B-00C04F79EFBC}") = "Upskillz.Web", "Upskillz.Web\Upskillz.Web.csproj", "{84BCDB54-945E-447B-A0EF-E46483BC874F}"
EndProject
Project("{FAE04EC0-301F-11D3-BF4B-00C04F79EFBC}") = "Upskillz.Models", "Upskillz.Models\Upskillz.Models.csproj", "{3FEEC963-F8A5-46A6-9A5C-8E2F7905765C}"
EndProject
Project("{FAE04EC0-301F-11D3-BF4B-00C04F79EFBC}") = "Upskillz.Core", "Upskillz.Core\Upskillz.Core.csproj", "{2DF74957-5097-4DAE-86A4-EEB784CFFB37}"
EndProject
Project("{FAE04EC0-301F-11D3-BF4B-00C04F79EFBC}") = "Upskillz.Data", "Upskillz.Data\Upskillz.Data.csproj", "{B7823245-2215-4BA0-87DA-17B849CED838}"
EndProject
Project("{FAE04EC0-301F-11D3-BF4B-00C04F79EFBC}") = "Upskillz.Utilities", "Upskillz.Utilities\Upskillz.Utilities.csproj", "{250DD022-55DE-487B-BB60-2BFDBC5B2CB0}"
EndProject
Global
	GlobalSection(SolutionConfigurationPlatforms) = preSolution
		Debug|Any CPU = Debug|Any CPU
		Release|Any CPU = Release|Any CPU
	EndGlobalSection
	GlobalSection(ProjectConfigurationPlatforms) = postSolution
		{84BCDB54-945E-447B-A0EF-E46483BC874F}.Debug|Any CPU.ActiveCfg = Debug|Any CPU
		{84BCDB54-945E-447B-A0EF-E46483BC874F}.Debug|Any CPU.Build.0 = Debug|Any CPU
		{84BCDB54-945E-447B-A0EF-E46483BC874F}.Release|Any CPU.ActiveCfg = Release|Any CPU
		{84BCDB54-945E-447B-A0EF-E46483BC874F}.Release|Any CPU.Build.0 = Release|Any CPU
		{3FEEC963-F8A5-46A6-9A5C-8E2F7905765C}.Debug|Any CPU.ActiveCfg = Debug|Any CPU
		{3FEEC963-F8A5-46A6-9A5C-8E2F7905765C}.Debug|Any CPU.Build.0 = Debug|Any CPU
		{3FEEC963-F8A5-46A6-9A5C-8E2F7905765C}.Release|Any CPU.ActiveCfg = Release|Any CPU
		{3FEEC963-F8A5-46A6-9A5C-8E2F7905765C}.Release|Any CPU.Build.0 = Release|Any CPU
		{2DF74957-5097-4DAE-86A4-EEB784CFFB37}.Debug|Any CPU.ActiveCfg = Debug|Any CPU
		{2DF74957-5097-4DAE-86A4-EEB784CFFB37}.Debug|Any CPU.Build.0 = Debug|Any CPU
		{2DF74957-5097-4DAE-86A4-EEB784CFFB37}.Release|Any CPU.ActiveCfg = Release|Any CPU
		{2DF74957-5097-4DAE-86A4-EEB784CFFB37}.Release|Any CPU.Build.0 = Release|Any CPU
		{B7823245-2215-4BA0-87DA-17B849CED838}.Debug|Any CPU.ActiveCfg = Debug|Any CPU
		{B7823245-2215-4BA0-87DA-17B849CED838}.Debug|Any CPU.Build.0 = Debug|Any CPU
		{B7823245-2215-4BA0-87DA-17B849CED838}.Release|Any CPU.ActiveCfg = Release|Any CPU
		{B7823245-2215-4BA0-87DA-17B849CED838}.Release|Any CPU.Build.0 = Release|Any CPU
		{250DD022-55DE-487B-BB60-2BFDBC5B2CB0}.Debug|Any CPU.ActiveCfg = Debug|Any CPU
		{250DD022-55DE-487B-BB60-2BFDBC5B2CB0}.Debug|Any CPU.Build.0 = Debug|Any CPU
		{250DD022-55DE-487B-BB60-2BFDBC5B2CB0}.Release|Any CPU.ActiveCfg = Release|Any CPU
		{250DD022-55DE-487B-BB60-2BFDBC5B2CB0}.Release|Any CPU.Build.0 = Release|Any CPU
	EndGlobalSection
	GlobalSection(SolutionProperties) = preSolution
		HideSolutionNode = FALSE
	EndGlobalSection
	GlobalSection(ExtensibilityGlobals) = postSolution
		SolutionGuid = {AE148332-43E8-4253-9919-F0B84042E495}
	EndGlobalSection
EndGlobal
